
Microsoft Visual Studio Solution File, Format Version 12.00
# Visual Studio Version 17
VisualStudioVersion = 17.5.002.0
MinimumVisualStudioVersion = 10.0.40219.1
Project("{9A19103F-16F7-4668-BE54-9A1E7A4F7556}") = "BlazorMudLab", "BlazorMudLab.csproj", "{190E56E7-F4B1-4458-B6ED-077E8EA9847A}"
EndProject
Global
	GlobalSection(SolutionConfigurationPlatforms) = preSolution
		Debug|Any CPU = Debug|Any CPU
		Release|Any CPU = Release|Any CPU
	EndGlobalSection
	GlobalSection(ProjectConfigurationPlatforms) = postSolution
		{190E56E7-F4B1-4458-B6ED-077E8EA9847A}.Debug|Any CPU.ActiveCfg = Debug|Any CPU
		{190E56E7-F4B1-4458-B6ED-077E8EA9847A}.Debug|Any CPU.Build.0 = Debug|Any CPU
		{190E56E7-F4B1-4458-B6ED-077E8EA9847A}.Release|Any CPU.ActiveCfg = Release|Any CPU
		{190E56E7-F4B1-4458-B6ED-077E8EA9847A}.Release|Any CPU.Build.0 = Release|Any CPU
	EndGlobalSection
	GlobalSection(SolutionProperties) = preSolution
		HideSolutionNode = FALSE
	EndGlobalSection
	GlobalSection(ExtensibilityGlobals) = postSolution
		SolutionGuid = {4AE040BA-61F1-4B34-8C44-755957E15852}
	EndGlobalSection
EndGlobal
